
Microsoft Visual Studio Solution File, Format Version 12.00
# Visual Studio Version 16
VisualStudioVersion = 16.0.30907.101
MinimumVisualStudioVersion = 10.0.40219.1
Project("{2150E333-8FDC-42A3-9474-1A3956D46DE8}") = "IoC", "IoC", "{4E04F3BB-3D37-41F2-A331-06962D309A5F}"
EndProject
Project("{9A19103F-16F7-4668-BE54-9A1E7A4F7556}") = "eMobile.IoC", "eMobile.IoC\eMobile.IoC.csproj", "{7384604B-F7FD-4EC3-B8EA-062217252141}"
EndProject
Project("{2150E333-8FDC-42A3-9474-1A3956D46DE8}") = "Common", "Common", "{AC83C9D6-4B14-4BA6-8891-57B9A93DE8EA}"
EndProject
Project("{9A19103F-16F7-4668-BE54-9A1E7A4F7556}") = "eMobile.Common", "eMobile.Common\eMobile.Common.csproj", "{C5DD50E5-2EF5-402A-918D-812A58836895}"
EndProject
Project("{2150E333-8FDC-42A3-9474-1A3956D46DE8}") = "Microservices", "Microservices", "{215B978F-142B-4F78-9EFC-DBABDAB78F49}"
EndProject
Project("{2150E333-8FDC-42A3-9474-1A3956D46DE8}") = "ApiGateway", "ApiGateway", "{062EEE44-35A6-41C2-8F66-443C8E120529}"
EndProject
Project("{9A19103F-16F7-4668-BE54-9A1E7A4F7556}") = "eMobile.ApiGateway", "eMobile.ApiGateway\eMobile.ApiGateway.csproj", "{6E1D20FA-7D56-454A-A185-5EDF6B610737}"
EndProject
Project("{2150E333-8FDC-42A3-9474-1A3956D46DE8}") = "Phones", "Phones", "{DE664B28-FCBA-4A94-A250-754A0E465319}"
EndProject
Project("{9A19103F-16F7-4668-BE54-9A1E7A4F7556}") = "eMobile.Phones.API", "eMobile.Phones.API\eMobile.Phones.API.csproj", "{4A795A16-42AC-4697-8ED9-D04F598EBBF9}"
EndProject
Project("{9A19103F-16F7-4668-BE54-9A1E7A4F7556}") = "eMobile.Phones.Domain", "eMobile.Phones.Domain\eMobile.Phones.Domain.csproj", "{2850B865-F057-42E8-A878-E1F21513D686}"
EndProject
Project("{9A19103F-16F7-4668-BE54-9A1E7A4F7556}") = "eMobile.Phones.Repository", "eMobile.Phones.Repository\eMobile.Phones.Repository.csproj", "{1600B1F9-66A0-4AAA-BCB1-E9A19AB194D3}"
EndProject
Project("{9A19103F-16F7-4668-BE54-9A1E7A4F7556}") = "eMobile.Phones.Models", "eMobile.Phones.Models\eMobile.Phones.Models.csproj", "{ABD675AF-0642-4E94-B36B-F771745E1197}"
EndProject
Project("{9A19103F-16F7-4668-BE54-9A1E7A4F7556}") = "eMobile.Phones.Service", "eMobile.Phones.Service\eMobile.Phones.Service.csproj", "{D9AF78F3-2FF8-41BB-8968-75D51E1231E9}"
EndProject
Project("{2150E333-8FDC-42A3-9474-1A3956D46DE8}") = "Orders", "Orders", "{E8B548C5-534F-466E-B5CB-F74B029C33E0}"
EndProject
Project("{FAE04EC0-301F-11D3-BF4B-00C04F79EFBC}") = "eMobile.Orders.API", "eMobile.Orders.API\eMobile.Orders.API.csproj", "{642EAC86-8A19-46B7-818F-CDB8A7778ABD}"
EndProject
Project("{FAE04EC0-301F-11D3-BF4B-00C04F79EFBC}") = "eMobile.Orders.Domain", "eMobile.Orders.Domain\eMobile.Orders.Domain.csproj", "{FB4FB166-0534-4FE7-A4F3-4D7E6A63393F}"
EndProject
Project("{FAE04EC0-301F-11D3-BF4B-00C04F79EFBC}") = "eMobile.Orders.Models", "eMobile.Orders.Models\eMobile.Orders.Models.csproj", "{046BF4BF-6AE3-4E84-8301-FDB22B8E5DF6}"
EndProject
Project("{FAE04EC0-301F-11D3-BF4B-00C04F79EFBC}") = "eMobile.Orders.Repository", "eMobile.Orders.Repository\eMobile.Orders.Repository.csproj", "{368E6E84-04E3-4763-B6E4-5F925B174022}"
EndProject
Project("{FAE04EC0-301F-11D3-BF4B-00C04F79EFBC}") = "eMobile.Orders.Service", "eMobile.Orders.Service\eMobile.Orders.Service.csproj", "{0BEB85A8-04DF-4FFA-80DF-93FEB06BDB48}"
EndProject
Global
	GlobalSection(SolutionConfigurationPlatforms) = preSolution
		Debug|Any CPU = Debug|Any CPU
		Release|Any CPU = Release|Any CPU
	EndGlobalSection
	GlobalSection(ProjectConfigurationPlatforms) = postSolution
		{7384604B-F7FD-4EC3-B8EA-062217252141}.Debug|Any CPU.ActiveCfg = Debug|Any CPU
		{7384604B-F7FD-4EC3-B8EA-062217252141}.Debug|Any CPU.Build.0 = Debug|Any CPU
		{7384604B-F7FD-4EC3-B8EA-062217252141}.Release|Any CPU.ActiveCfg = Release|Any CPU
		{7384604B-F7FD-4EC3-B8EA-062217252141}.Release|Any CPU.Build.0 = Release|Any CPU
		{C5DD50E5-2EF5-402A-918D-812A58836895}.Debug|Any CPU.ActiveCfg = Debug|Any CPU
		{C5DD50E5-2EF5-402A-918D-812A58836895}.Debug|Any CPU.Build.0 = Debug|Any CPU
		{C5DD50E5-2EF5-402A-918D-812A58836895}.Release|Any CPU.ActiveCfg = Release|Any CPU
		{C5DD50E5-2EF5-402A-918D-812A58836895}.Release|Any CPU.Build.0 = Release|Any CPU
		{6E1D20FA-7D56-454A-A185-5EDF6B610737}.Debug|Any CPU.ActiveCfg = Debug|Any CPU
		{6E1D20FA-7D56-454A-A185-5EDF6B610737}.Debug|Any CPU.Build.0 = Debug|Any CPU
		{6E1D20FA-7D56-454A-A185-5EDF6B610737}.Release|Any CPU.ActiveCfg = Release|Any CPU
		{6E1D20FA-7D56-454A-A185-5EDF6B610737}.Release|Any CPU.Build.0 = Release|Any CPU
		{4A795A16-42AC-4697-8ED9-D04F598EBBF9}.Debug|Any CPU.ActiveCfg = Debug|Any CPU
		{4A795A16-42AC-4697-8ED9-D04F598EBBF9}.Debug|Any CPU.Build.0 = Debug|Any CPU
		{4A795A16-42AC-4697-8ED9-D04F598EBBF9}.Release|Any CPU.ActiveCfg = Release|Any CPU
		{4A795A16-42AC-4697-8ED9-D04F598EBBF9}.Release|Any CPU.Build.0 = Release|Any CPU
		{2850B865-F057-42E8-A878-E1F21513D686}.Debug|Any CPU.ActiveCfg = Debug|Any CPU
		{2850B865-F057-42E8-A878-E1F21513D686}.Debug|Any CPU.Build.0 = Debug|Any CPU
		{2850B865-F057-42E8-A878-E1F21513D686}.Release|Any CPU.ActiveCfg = Release|Any CPU
		{2850B865-F057-42E8-A878-E1F21513D686}.Release|Any CPU.Build.0 = Release|Any CPU
		{1600B1F9-66A0-4AAA-BCB1-E9A19AB194D3}.Debug|Any CPU.ActiveCfg = Debug|Any CPU
		{1600B1F9-66A0-4AAA-BCB1-E9A19AB194D3}.Debug|Any CPU.Build.0 = Debug|Any CPU
		{1600B1F9-66A0-4AAA-BCB1-E9A19AB194D3}.Release|Any CPU.ActiveCfg = Release|Any CPU
		{1600B1F9-66A0-4AAA-BCB1-E9A19AB194D3}.Release|Any CPU.Build.0 = Release|Any CPU
		{ABD675AF-0642-4E94-B36B-F771745E1197}.Debug|Any CPU.ActiveCfg = Debug|Any CPU
		{ABD675AF-0642-4E94-B36B-F771745E1197}.Debug|Any CPU.Build.0 = Debug|Any CPU
		{ABD675AF-0642-4E94-B36B-F771745E1197}.Release|Any CPU.ActiveCfg = Release|Any CPU
		{ABD675AF-0642-4E94-B36B-F771745E1197}.Release|Any CPU.Build.0 = Release|Any CPU
		{D9AF78F3-2FF8-41BB-8968-75D51E1231E9}.Debug|Any CPU.ActiveCfg = Debug|Any CPU
		{D9AF78F3-2FF8-41BB-8968-75D51E1231E9}.Debug|Any CPU.Build.0 = Debug|Any CPU
		{D9AF78F3-2FF8-41BB-8968-75D51E1231E9}.Release|Any CPU.ActiveCfg = Release|Any CPU
		{D9AF78F3-2FF8-41BB-8968-75D51E1231E9}.Release|Any CPU.Build.0 = Release|Any CPU
		{642EAC86-8A19-46B7-818F-CDB8A7778ABD}.Debug|Any CPU.ActiveCfg = Debug|Any CPU
		{642EAC86-8A19-46B7-818F-CDB8A7778ABD}.Debug|Any CPU.Build.0 = Debug|Any CPU
		{642EAC86-8A19-46B7-818F-CDB8A7778ABD}.Release|Any CPU.ActiveCfg = Release|Any CPU
		{642EAC86-8A19-46B7-818F-CDB8A7778ABD}.Release|Any CPU.Build.0 = Release|Any CPU
		{FB4FB166-0534-4FE7-A4F3-4D7E6A63393F}.Debug|Any CPU.ActiveCfg = Debug|Any CPU
		{FB4FB166-0534-4FE7-A4F3-4D7E6A63393F}.Debug|Any CPU.Build.0 = Debug|Any CPU
		{FB4FB166-0534-4FE7-A4F3-4D7E6A63393F}.Release|Any CPU.ActiveCfg = Release|Any CPU
		{FB4FB166-0534-4FE7-A4F3-4D7E6A63393F}.Release|Any CPU.Build.0 = Release|Any CPU
		{046BF4BF-6AE3-4E84-8301-FDB22B8E5DF6}.Debug|Any CPU.ActiveCfg = Debug|Any CPU
		{046BF4BF-6AE3-4E84-8301-FDB22B8E5DF6}.Debug|Any CPU.Build.0 = Debug|Any CPU
		{046BF4BF-6AE3-4E84-8301-FDB22B8E5DF6}.Release|Any CPU.ActiveCfg = Release|Any CPU
		{046BF4BF-6AE3-4E84-8301-FDB22B8E5DF6}.Release|Any CPU.Build.0 = Release|Any CPU
		{368E6E84-04E3-4763-B6E4-5F925B174022}.Debug|Any CPU.ActiveCfg = Debug|Any CPU
		{368E6E84-04E3-4763-B6E4-5F925B174022}.Debug|Any CPU.Build.0 = Debug|Any CPU
		{368E6E84-04E3-4763-B6E4-5F925B174022}.Release|Any CPU.ActiveCfg = Release|Any CPU
		{368E6E84-04E3-4763-B6E4-5F925B174022}.Release|Any CPU.Build.0 = Release|Any CPU
		{0BEB85A8-04DF-4FFA-80DF-93FEB06BDB48}.Debug|Any CPU.ActiveCfg = Debug|Any CPU
		{0BEB85A8-04DF-4FFA-80DF-93FEB06BDB48}.Debug|Any CPU.Build.0 = Debug|Any CPU
		{0BEB85A8-04DF-4FFA-80DF-93FEB06BDB48}.Release|Any CPU.ActiveCfg = Release|Any CPU
		{0BEB85A8-04DF-4FFA-80DF-93FEB06BDB48}.Release|Any CPU.Build.0 = Release|Any CPU
	EndGlobalSection
	GlobalSection(SolutionProperties) = preSolution
		HideSolutionNode = FALSE
	EndGlobalSection
	GlobalSection(NestedProjects) = preSolution
		{7384604B-F7FD-4EC3-B8EA-062217252141} = {4E04F3BB-3D37-41F2-A331-06962D309A5F}
		{C5DD50E5-2EF5-402A-918D-812A58836895} = {AC83C9D6-4B14-4BA6-8891-57B9A93DE8EA}
		{6E1D20FA-7D56-454A-A185-5EDF6B610737} = {062EEE44-35A6-41C2-8F66-443C8E120529}
		{DE664B28-FCBA-4A94-A250-754A0E465319} = {215B978F-142B-4F78-9EFC-DBABDAB78F49}
		{4A795A16-42AC-4697-8ED9-D04F598EBBF9} = {DE664B28-FCBA-4A94-A250-754A0E465319}
		{2850B865-F057-42E8-A878-E1F21513D686} = {DE664B28-FCBA-4A94-A250-754A0E465319}
		{1600B1F9-66A0-4AAA-BCB1-E9A19AB194D3} = {DE664B28-FCBA-4A94-A250-754A0E465319}
		{ABD675AF-0642-4E94-B36B-F771745E1197} = {DE664B28-FCBA-4A94-A250-754A0E465319}
		{D9AF78F3-2FF8-41BB-8968-75D51E1231E9} = {DE664B28-FCBA-4A94-A250-754A0E465319}
		{E8B548C5-534F-466E-B5CB-F74B029C33E0} = {215B978F-142B-4F78-9EFC-DBABDAB78F49}
		{642EAC86-8A19-46B7-818F-CDB8A7778ABD} = {E8B548C5-534F-466E-B5CB-F74B029C33E0}
		{FB4FB166-0534-4FE7-A4F3-4D7E6A63393F} = {E8B548C5-534F-466E-B5CB-F74B029C33E0}
		{046BF4BF-6AE3-4E84-8301-FDB22B8E5DF6} = {E8B548C5-534F-466E-B5CB-F74B029C33E0}
		{368E6E84-04E3-4763-B6E4-5F925B174022} = {E8B548C5-534F-466E-B5CB-F74B029C33E0}
		{0BEB85A8-04DF-4FFA-80DF-93FEB06BDB48} = {E8B548C5-534F-466E-B5CB-F74B029C33E0}
	EndGlobalSection
	GlobalSection(ExtensibilityGlobals) = postSolution
		SolutionGuid = {E81A4596-CF7F-45E8-89A8-5BFD05CC9838}
	EndGlobalSection
EndGlobal
