
Microsoft Visual Studio Solution File, Format Version 12.00
# Visual Studio Version 16
VisualStudioVersion = 16.0.30907.101
MinimumVisualStudioVersion = 10.0.40219.1
Project("{FAE04EC0-301F-11D3-BF4B-00C04F79EFBC}") = "Common", "Common\Common.csproj", "{9300836B-BB4A-4517-85E0-D446A07789E7}"
EndProject
Global
	GlobalSection(SolutionConfigurationPlatforms) = preSolution
		Debug|Any CPU = Debug|Any CPU
		Release|Any CPU = Release|Any CPU
	EndGlobalSection
	GlobalSection(ProjectConfigurationPlatforms) = postSolution
		{9300836B-BB4A-4517-85E0-D446A07789E7}.Debug|Any CPU.ActiveCfg = Debug|Any CPU
		{9300836B-BB4A-4517-85E0-D446A07789E7}.Debug|Any CPU.Build.0 = Debug|Any CPU
		{9300836B-BB4A-4517-85E0-D446A07789E7}.Release|Any CPU.ActiveCfg = Release|Any CPU
		{9300836B-BB4A-4517-85E0-D446A07789E7}.Release|Any CPU.Build.0 = Release|Any CPU
	EndGlobalSection
	GlobalSection(SolutionProperties) = preSolution
		HideSolutionNode = FALSE
	EndGlobalSection
	GlobalSection(ExtensibilityGlobals) = postSolution
		SolutionGuid = {E81A4596-CF7F-45E8-89A8-5BFD05CC9838}
	EndGlobalSection
EndGlobal
